
Microsoft Visual Studio Solution File, Format Version 12.00
# Visual Studio 14
VisualStudioVersion = 14.0.25420.1
MinimumVisualStudioVersion = 10.0.40219.1
Project("{FAE04EC0-301F-11D3-BF4B-00C04F79EFBC}") = "X86OrX64Finder", "X86OrX64Finder\X86OrX64Finder.csproj", "{62FBEFE0-AC26-41ED-9655-C847BD01DCEC}"
EndProject
Global
	GlobalSection(SolutionConfigurationPlatforms) = preSolution
		Debug|Any CPU = Debug|Any CPU
		Release|Any CPU = Release|Any CPU
	EndGlobalSection
	GlobalSection(ProjectConfigurationPlatforms) = postSolution
		{62FBEFE0-AC26-41ED-9655-C847BD01DCEC}.Debug|Any CPU.ActiveCfg = Debug|Any CPU
		{62FBEFE0-AC26-41ED-9655-C847BD01DCEC}.Debug|Any CPU.Build.0 = Debug|Any CPU
		{62FBEFE0-AC26-41ED-9655-C847BD01DCEC}.Release|Any CPU.ActiveCfg = Release|Any CPU
		{62FBEFE0-AC26-41ED-9655-C847BD01DCEC}.Release|Any CPU.Build.0 = Release|Any CPU
	EndGlobalSection
	GlobalSection(SolutionProperties) = preSolution
		HideSolutionNode = FALSE
	EndGlobalSection
EndGlobal
